
Microsoft Visual Studio Solution File, Format Version 12.00
# Visual Studio Version 17
VisualStudioVersion = 17.11.35327.3
MinimumVisualStudioVersion = 10.0.40219.1
Project("{9A19103F-16F7-4668-BE54-9A1E7A4F7556}") = "SimpleApp_01", "SimpleApp_01\SimpleApp_01.csproj", "{28D32033-C289-46E7-9DF1-4CCDBEF469F5}"
EndProject
Project("{FAE04EC0-301F-11D3-BF4B-00C04F79EFBC}") = "SimpleApp_01.Test", "SimpleApp_01.Test\SimpleApp_01.Test.csproj", "{2A195C26-E046-4336-B4B6-37BED7E24754}"
	ProjectSection(ProjectDependencies) = postProject
		{28D32033-C289-46E7-9DF1-4CCDBEF469F5} = {28D32033-C289-46E7-9DF1-4CCDBEF469F5}
	EndProjectSection
EndProject
Global
	GlobalSection(SolutionConfigurationPlatforms) = preSolution
		Debug|Any CPU = Debug|Any CPU
		Release|Any CPU = Release|Any CPU
	EndGlobalSection
	GlobalSection(ProjectConfigurationPlatforms) = postSolution
		{28D32033-C289-46E7-9DF1-4CCDBEF469F5}.Debug|Any CPU.ActiveCfg = Debug|Any CPU
		{28D32033-C289-46E7-9DF1-4CCDBEF469F5}.Debug|Any CPU.Build.0 = Debug|Any CPU
		{28D32033-C289-46E7-9DF1-4CCDBEF469F5}.Release|Any CPU.ActiveCfg = Release|Any CPU
		{28D32033-C289-46E7-9DF1-4CCDBEF469F5}.Release|Any CPU.Build.0 = Release|Any CPU
		{2A195C26-E046-4336-B4B6-37BED7E24754}.Debug|Any CPU.ActiveCfg = Debug|Any CPU
		{2A195C26-E046-4336-B4B6-37BED7E24754}.Debug|Any CPU.Build.0 = Debug|Any CPU
		{2A195C26-E046-4336-B4B6-37BED7E24754}.Release|Any CPU.ActiveCfg = Release|Any CPU
		{2A195C26-E046-4336-B4B6-37BED7E24754}.Release|Any CPU.Build.0 = Release|Any CPU
	EndGlobalSection
	GlobalSection(SolutionProperties) = preSolution
		HideSolutionNode = FALSE
	EndGlobalSection
	GlobalSection(ExtensibilityGlobals) = postSolution
		SolutionGuid = {3F1E9F0F-6503-4CAF-A826-A64127CE7880}
	EndGlobalSection
EndGlobal
