
Microsoft Visual Studio Solution File, Format Version 12.00
# Visual Studio Version 17
VisualStudioVersion = 17.11.35327.3
MinimumVisualStudioVersion = 10.0.40219.1
Project("{FAE04EC0-301F-11D3-BF4B-00C04F79EFBC}") = "PartyInvites_01", "PartyInvites_01\PartyInvites_01.csproj", "{48B0C5AB-3DE2-414C-8199-744C0C84F95F}"
EndProject
Global
	GlobalSection(SolutionConfigurationPlatforms) = preSolution
		Debug|Any CPU = Debug|Any CPU
		Release|Any CPU = Release|Any CPU
	EndGlobalSection
	GlobalSection(ProjectConfigurationPlatforms) = postSolution
		{48B0C5AB-3DE2-414C-8199-744C0C84F95F}.Debug|Any CPU.ActiveCfg = Debug|Any CPU
		{48B0C5AB-3DE2-414C-8199-744C0C84F95F}.Debug|Any CPU.Build.0 = Debug|Any CPU
		{48B0C5AB-3DE2-414C-8199-744C0C84F95F}.Release|Any CPU.ActiveCfg = Release|Any CPU
		{48B0C5AB-3DE2-414C-8199-744C0C84F95F}.Release|Any CPU.Build.0 = Release|Any CPU
	EndGlobalSection
	GlobalSection(SolutionProperties) = preSolution
		HideSolutionNode = FALSE
	EndGlobalSection
	GlobalSection(ExtensibilityGlobals) = postSolution
		SolutionGuid = {5CB39F7A-7A48-4D62-A6A4-EEA01F4C3661}
	EndGlobalSection
EndGlobal
